speakeasyVersion: 1.761.1
sources:
    apideck-unify:
        sourceNamespace: apideck-unify
        sourceRevisionDigest: sha256:badfc5960efe096f41836facaa9f994b39ada9031dccf377b5374dfbca4332f9
        sourceBlobDigest: sha256:7960add33ed47beb541eb2d94434f54d89553c4115263ba79e0169d101a5ec3f
        tags:
            - latest
            - 10.24.13
targets:
    accounting-mcp:
        source: apideck-unify
        sourceNamespace: apideck-unify
        sourceRevisionDigest: sha256:badfc5960efe096f41836facaa9f994b39ada9031dccf377b5374dfbca4332f9
        sourceBlobDigest: sha256:7960add33ed47beb541eb2d94434f54d89553c4115263ba79e0169d101a5ec3f
    unify-mcp:
        source: apideck-unify
        sourceNamespace: apideck-unify
        sourceRevisionDigest: sha256:badfc5960efe096f41836facaa9f994b39ada9031dccf377b5374dfbca4332f9
        sourceBlobDigest: sha256:7960add33ed47beb541eb2d94434f54d89553c4115263ba79e0169d101a5ec3f
workflow:
    workflowVersion: 1.0.0
    speakeasyVersion: latest
    sources:
        apideck-unify:
            inputs:
                - location: https://ci-spec-unify.s3.eu-central-1.amazonaws.com/speakeasy-spec.yml
            overlays:
                - location: ./mcp-overlay.yaml
            registry:
                location: registry.speakeasyapi.dev/apideck/apideck/apideck-unify
    targets:
        unify-mcp:
            target: mcp-typescript
            source: apideck-unify
