speakeasyVersion: 1.761.4
sources:
    apideck-unify:
        sourceNamespace: apideck-unify
        sourceRevisionDigest: sha256:e7a568513a53fedb193c034cec497d40b0f6d5702d8d695aa370e0e18aa89d1e
        sourceBlobDigest: sha256:fc73047902a64c3fb98014de2c09339f37e70e7817ae2ff7b34bffbcd28f16c9
        tags:
            - latest
            - 10.24.22
targets:
    accounting-mcp:
        source: apideck-unify
        sourceNamespace: apideck-unify
        sourceRevisionDigest: sha256:badfc5960efe096f41836facaa9f994b39ada9031dccf377b5374dfbca4332f9
        sourceBlobDigest: sha256:7960add33ed47beb541eb2d94434f54d89553c4115263ba79e0169d101a5ec3f
    unify-mcp:
        source: apideck-unify
        sourceNamespace: apideck-unify
        sourceRevisionDigest: sha256:e7a568513a53fedb193c034cec497d40b0f6d5702d8d695aa370e0e18aa89d1e
        sourceBlobDigest: sha256:fc73047902a64c3fb98014de2c09339f37e70e7817ae2ff7b34bffbcd28f16c9
workflow:
    workflowVersion: 1.0.0
    speakeasyVersion: latest
    sources:
        apideck-unify:
            inputs:
                - location: https://ci-spec-unify.s3.eu-central-1.amazonaws.com/speakeasy-spec.yml
            overlays:
                - location: ./mcp-overlay.yaml
            registry:
                location: registry.speakeasyapi.dev/apideck-k2o/apideck/apideck-unify
    targets:
        unify-mcp:
            target: mcp-typescript
            source: apideck-unify
