speakeasyVersion: 1.761.1
sources:
    apideck-unify:
        sourceNamespace: apideck-unify
        sourceRevisionDigest: sha256:034ac011ab19f3e1d0c617eef80e5d141f4098a25ad3b7c7c9c813d0e693fa35
        sourceBlobDigest: sha256:9ca3d4e6c746a8c7ab473923854c87c20b41ca5446f760de4dcd3195d322728f
        tags:
            - latest
            - 10.24.21
targets:
    accounting-mcp:
        source: apideck-unify
        sourceNamespace: apideck-unify
        sourceRevisionDigest: sha256:badfc5960efe096f41836facaa9f994b39ada9031dccf377b5374dfbca4332f9
        sourceBlobDigest: sha256:7960add33ed47beb541eb2d94434f54d89553c4115263ba79e0169d101a5ec3f
    unify-mcp:
        source: apideck-unify
        sourceNamespace: apideck-unify
        sourceRevisionDigest: sha256:034ac011ab19f3e1d0c617eef80e5d141f4098a25ad3b7c7c9c813d0e693fa35
        sourceBlobDigest: sha256:9ca3d4e6c746a8c7ab473923854c87c20b41ca5446f760de4dcd3195d322728f
workflow:
    workflowVersion: 1.0.0
    speakeasyVersion: latest
    sources:
        apideck-unify:
            inputs:
                - location: https://ci-spec-unify.s3.eu-central-1.amazonaws.com/speakeasy-spec.yml
            overlays:
                - location: ./mcp-overlay.yaml
            registry:
                location: registry.speakeasyapi.dev/apideck-k2o/apideck/apideck-unify
    targets:
        unify-mcp:
            target: mcp-typescript
            source: apideck-unify
